
Microsoft Visual Studio Solution File, Format Version 12.00
# Visual Studio Version 17
VisualStudioVersion = 17.5.33414.496
MinimumVisualStudioVersion = 10.0.40219.1
Project("{FAE04EC0-301F-11D3-BF4B-00C04F79EFBC}") = "OrdersAPI", "OrdersAPI\OrdersAPI.csproj", "{C56763F9-BB5A-42AC-A34D-097C89B0355F}"
EndProject
Project("{FAE04EC0-301F-11D3-BF4B-00C04F79EFBC}") = "OrdersAPI.Data", "OrdersAPI.Data\OrdersAPI.Data.csproj", "{05424F80-7E0D-459D-9E6B-C77F7915A311}"
EndProject
Project("{FAE04EC0-301F-11D3-BF4B-00C04F79EFBC}") = "OrdersAPI.Tests", "OrdersAPI.Tests\OrdersAPI.Tests.csproj", "{22B9F4F5-FD53-4B87-8CBE-D2D550C9A2E5}"
EndProject
Project("{FAE04EC0-301F-11D3-BF4B-00C04F79EFBC}") = "OrdersAPI.Utils", "OrdersAPI.Utils\OrdersAPI.Utils.csproj", "{0E53A2FD-C3A9-4968-AEB6-485D0F1DFCDF}"
EndProject
Project("{FAE04EC0-301F-11D3-BF4B-00C04F79EFBC}") = "OrdersAPI.Business", "OrdersAPI.Business\OrdersAPI.Business.csproj", "{BD71E128-E781-49D4-B43E-E361D11E7DC7}"
EndProject
Global
	GlobalSection(SolutionConfigurationPlatforms) = preSolution
		Debug|Any CPU = Debug|Any CPU
		Release|Any CPU = Release|Any CPU
	EndGlobalSection
	GlobalSection(ProjectConfigurationPlatforms) = postSolution
		{C56763F9-BB5A-42AC-A34D-097C89B0355F}.Debug|Any CPU.ActiveCfg = Debug|Any CPU
		{C56763F9-BB5A-42AC-A34D-097C89B0355F}.Debug|Any CPU.Build.0 = Debug|Any CPU
		{C56763F9-BB5A-42AC-A34D-097C89B0355F}.Release|Any CPU.ActiveCfg = Release|Any CPU
		{C56763F9-BB5A-42AC-A34D-097C89B0355F}.Release|Any CPU.Build.0 = Release|Any CPU
		{05424F80-7E0D-459D-9E6B-C77F7915A311}.Debug|Any CPU.ActiveCfg = Debug|Any CPU
		{05424F80-7E0D-459D-9E6B-C77F7915A311}.Debug|Any CPU.Build.0 = Debug|Any CPU
		{05424F80-7E0D-459D-9E6B-C77F7915A311}.Release|Any CPU.ActiveCfg = Release|Any CPU
		{05424F80-7E0D-459D-9E6B-C77F7915A311}.Release|Any CPU.Build.0 = Release|Any CPU
		{22B9F4F5-FD53-4B87-8CBE-D2D550C9A2E5}.Debug|Any CPU.ActiveCfg = Debug|Any CPU
		{22B9F4F5-FD53-4B87-8CBE-D2D550C9A2E5}.Debug|Any CPU.Build.0 = Debug|Any CPU
		{22B9F4F5-FD53-4B87-8CBE-D2D550C9A2E5}.Release|Any CPU.ActiveCfg = Release|Any CPU
		{22B9F4F5-FD53-4B87-8CBE-D2D550C9A2E5}.Release|Any CPU.Build.0 = Release|Any CPU
		{0E53A2FD-C3A9-4968-AEB6-485D0F1DFCDF}.Debug|Any CPU.ActiveCfg = Debug|Any CPU
		{0E53A2FD-C3A9-4968-AEB6-485D0F1DFCDF}.Debug|Any CPU.Build.0 = Debug|Any CPU
		{0E53A2FD-C3A9-4968-AEB6-485D0F1DFCDF}.Release|Any CPU.ActiveCfg = Release|Any CPU
		{0E53A2FD-C3A9-4968-AEB6-485D0F1DFCDF}.Release|Any CPU.Build.0 = Release|Any CPU
		{BD71E128-E781-49D4-B43E-E361D11E7DC7}.Debug|Any CPU.ActiveCfg = Debug|Any CPU
		{BD71E128-E781-49D4-B43E-E361D11E7DC7}.Debug|Any CPU.Build.0 = Debug|Any CPU
		{BD71E128-E781-49D4-B43E-E361D11E7DC7}.Release|Any CPU.ActiveCfg = Release|Any CPU
		{BD71E128-E781-49D4-B43E-E361D11E7DC7}.Release|Any CPU.Build.0 = Release|Any CPU
	EndGlobalSection
	GlobalSection(SolutionProperties) = preSolution
		HideSolutionNode = FALSE
	EndGlobalSection
	GlobalSection(ExtensibilityGlobals) = postSolution
		SolutionGuid = {26F7871B-625A-4A57-B07F-BDF29B94C618}
	EndGlobalSection
EndGlobal
